<?xml version="1.0" encoding="UTF-8" standalone="yes" ?>
<CodeBlocks_project_file>
	<FileVersion major="1" minor="6" />
	<Project>
		<Option title="FirstGameOffical" />
		<Option pch_mode="2" />
		<Option compiler="gcc" />
		<Build>
			<Target title="Debug">
				<Option output="bin/Debug/FirstGameOffical" prefix_auto="1" extension_auto="1" />
				<Option object_output="obj/Debug/" />
				<Option type="1" />
				<Option compiler="gcc" />
				<Compiler>
					<Add option="-g" />
					<Add directory="C:/Users/ADMIN/mySource/SDL2/include/SDL2" />
					<Add directory="C:/Users/ADMIN/mySource/SDL2_image/include/SDL2" />
					<Add directory="C:/Users/ADMIN/mySource/SDL2_mixer-2.6.3/x86_64-w64-mingw32/include/SDL2" />
					<Add directory="C:/Users/ADMIN/mySource/SDL2_ttf-2.20.2/x86_64-w64-mingw32/include/SDL2" />
					<Add directory="include" />
				</Compiler>
				<Linker>
					<Add option="-lmingw32 -lSDL2main -lSDL2 -lSDL2_image -lSDL2_mixer -lSDL2_ttf" />
					<Add directory="C:/Users/ADMIN/mySource/SDL2/lib" />
					<Add directory="C:/Users/ADMIN/mySource/SDL2_image/lib" />
					<Add directory="C:/Users/ADMIN/mySource/SDL2_ttf-2.20.2/x86_64-w64-mingw32/lib" />
					<Add directory="C:/Users/ADMIN/mySource/SDL2_mixer-2.6.3/x86_64-w64-mingw32/lib" />
				</Linker>
			</Target>
			<Target title="Release">
				<Option output="bin/Release/FirstGameOffical" prefix_auto="1" extension_auto="1" />
				<Option object_output="obj/Release/" />
				<Option type="1" />
				<Option compiler="gcc" />
				<Compiler>
					<Add option="-O2" />
					<Add directory="include" />
				</Compiler>
				<Linker>
					<Add option="-s" />
				</Linker>
			</Target>
		</Build>
		<Compiler>
			<Add option="-Wall" />
		</Compiler>
		<Unit filename="include/AttackObject.h" />
		<Unit filename="include/BaseObject.h" />
		<Unit filename="include/CommonFuntion.h" />
		<Unit filename="include/MonsterThreadObject.h" />
		<Unit filename="include/NumberOfPlayersLives.h" />
		<Unit filename="include/PlayerObject.h" />
		<Unit filename="include/StateHp.h" />
		<Unit filename="include/TextObject.h" />
		<Unit filename="include/Timerfps.h" />
		<Unit filename="include/game_map.h" />
		<Unit filename="main.cpp" />
		<Unit filename="src/AttackObject.cpp" />
		<Unit filename="src/BaseObject.cpp" />
		<Unit filename="src/CommonFuntion.cpp" />
		<Unit filename="src/MonsterThreadObject.cpp" />
		<Unit filename="src/NumberOfPlayersLives.cpp" />
		<Unit filename="src/PlayerObject.cpp" />
		<Unit filename="src/StateHp.cpp" />
		<Unit filename="src/TextObject.cpp" />
		<Unit filename="src/Timerfps.cpp" />
		<Unit filename="src/game_map.cpp" />
		<Extensions>
			<lib_finder disable_auto="1" />
		</Extensions>
	</Project>
</CodeBlocks_project_file>
